
Microsoft Visual Studio Solution File, Format Version 12.00
# Visual Studio 15
VisualStudioVersion = 15.0.28010.2016
MinimumVisualStudioVersion = 10.0.40219.1
Project("{FAE04EC0-301F-11D3-BF4B-00C04F79EFBC}") = "tqkoh", "tqkoh.csproj", "{7EE5D33D-1DF9-4BFA-A01E-2C9C6C3CF286}"
EndProject
Global
	GlobalSection(SolutionConfigurationPlatforms) = preSolution
		Debug|Any CPU = Debug|Any CPU
		Release|Any CPU = Release|Any CPU
	EndGlobalSection
	GlobalSection(ProjectConfigurationPlatforms) = postSolution
		{7EE5D33D-1DF9-4BFA-A01E-2C9C6C3CF286}.Debug|Any CPU.ActiveCfg = Debug|Any CPU
		{7EE5D33D-1DF9-4BFA-A01E-2C9C6C3CF286}.Debug|Any CPU.Build.0 = Debug|Any CPU
		{7EE5D33D-1DF9-4BFA-A01E-2C9C6C3CF286}.Release|Any CPU.ActiveCfg = Release|Any CPU
		{7EE5D33D-1DF9-4BFA-A01E-2C9C6C3CF286}.Release|Any CPU.Build.0 = Release|Any CPU
	EndGlobalSection
	GlobalSection(SolutionProperties) = preSolution
		HideSolutionNode = FALSE
	EndGlobalSection
	GlobalSection(ExtensibilityGlobals) = postSolution
		SolutionGuid = {96E57827-843B-45A0-8A39-5BBED9E918E1}
	EndGlobalSection
EndGlobal
